
Microsoft Visual Studio Solution File, Format Version 12.00
# Visual Studio 15
VisualStudioVersion = 15.0.27703.2026
MinimumVisualStudioVersion = 10.0.40219.1
Project("{FAE04EC0-301F-11D3-BF4B-00C04F79EFBC}") = "netDxf", "netDxf\netDxf.csproj", "{785380E0-CEB9-4C34-82E5-60D0E33E848E}"
EndProject
Project("{FAE04EC0-301F-11D3-BF4B-00C04F79EFBC}") = "TestDxfDocument", "TestDxfDocument\TestDxfDocument.csproj", "{65B33B00-93CE-484A-8023-7A9BA972D4D1}"
EndProject
Project("{9A19103F-16F7-4668-BE54-9A1E7A4F7556}") = "netDXF.Standard", "netDXF.Standard\netDXF.Standard.csproj", "{CF73154A-E14E-4E1A-84D7-0A95B0682525}"
EndProject
Project("{7CF6DF6D-3B04-46F8-A40B-537D21BCA0B4}") = "netDxf.Documentation", "netDxf.Documentation\netDxf.Documentation.shfbproj", "{42769C90-BF59-468E-AE1F-9051454F1C26}"
EndProject
Global
	GlobalSection(SolutionConfigurationPlatforms) = preSolution
		Debug|Any CPU = Debug|Any CPU
		Debug|Mixed Platforms = Debug|Mixed Platforms
		Debug|x86 = Debug|x86
		Release|Any CPU = Release|Any CPU
		Release|Mixed Platforms = Release|Mixed Platforms
		Release|x86 = Release|x86
	EndGlobalSection
	GlobalSection(ProjectConfigurationPlatforms) = postSolution
		{785380E0-CEB9-4C34-82E5-60D0E33E848E}.Debug|Any CPU.ActiveCfg = Debug|Any CPU
		{785380E0-CEB9-4C34-82E5-60D0E33E848E}.Debug|Any CPU.Build.0 = Debug|Any CPU
		{785380E0-CEB9-4C34-82E5-60D0E33E848E}.Debug|Mixed Platforms.ActiveCfg = Debug|Any CPU
		{785380E0-CEB9-4C34-82E5-60D0E33E848E}.Debug|Mixed Platforms.Build.0 = Debug|Any CPU
		{785380E0-CEB9-4C34-82E5-60D0E33E848E}.Debug|x86.ActiveCfg = Debug|Any CPU
		{785380E0-CEB9-4C34-82E5-60D0E33E848E}.Release|Any CPU.ActiveCfg = Release|Any CPU
		{785380E0-CEB9-4C34-82E5-60D0E33E848E}.Release|Any CPU.Build.0 = Release|Any CPU
		{785380E0-CEB9-4C34-82E5-60D0E33E848E}.Release|Mixed Platforms.ActiveCfg = Release|Any CPU
		{785380E0-CEB9-4C34-82E5-60D0E33E848E}.Release|Mixed Platforms.Build.0 = Release|Any CPU
		{785380E0-CEB9-4C34-82E5-60D0E33E848E}.Release|x86.ActiveCfg = Release|Any CPU
		{65B33B00-93CE-484A-8023-7A9BA972D4D1}.Debug|Any CPU.ActiveCfg = Debug|Any CPU
		{65B33B00-93CE-484A-8023-7A9BA972D4D1}.Debug|Any CPU.Build.0 = Debug|Any CPU
		{65B33B00-93CE-484A-8023-7A9BA972D4D1}.Debug|Mixed Platforms.ActiveCfg = Debug|Any CPU
		{65B33B00-93CE-484A-8023-7A9BA972D4D1}.Debug|Mixed Platforms.Build.0 = Debug|Any CPU
		{65B33B00-93CE-484A-8023-7A9BA972D4D1}.Debug|x86.ActiveCfg = Debug|Any CPU
		{65B33B00-93CE-484A-8023-7A9BA972D4D1}.Release|Any CPU.ActiveCfg = Release|Any CPU
		{65B33B00-93CE-484A-8023-7A9BA972D4D1}.Release|Any CPU.Build.0 = Release|Any CPU
		{65B33B00-93CE-484A-8023-7A9BA972D4D1}.Release|Mixed Platforms.ActiveCfg = Release|Any CPU
		{65B33B00-93CE-484A-8023-7A9BA972D4D1}.Release|Mixed Platforms.Build.0 = Release|Any CPU
		{65B33B00-93CE-484A-8023-7A9BA972D4D1}.Release|x86.ActiveCfg = Release|Any CPU
		{CF73154A-E14E-4E1A-84D7-0A95B0682525}.Debug|Any CPU.ActiveCfg = Debug|Any CPU
		{CF73154A-E14E-4E1A-84D7-0A95B0682525}.Debug|Any CPU.Build.0 = Debug|Any CPU
		{CF73154A-E14E-4E1A-84D7-0A95B0682525}.Debug|Mixed Platforms.ActiveCfg = Debug|Any CPU
		{CF73154A-E14E-4E1A-84D7-0A95B0682525}.Debug|Mixed Platforms.Build.0 = Debug|Any CPU
		{CF73154A-E14E-4E1A-84D7-0A95B0682525}.Debug|x86.ActiveCfg = Debug|Any CPU
		{CF73154A-E14E-4E1A-84D7-0A95B0682525}.Debug|x86.Build.0 = Debug|Any CPU
		{CF73154A-E14E-4E1A-84D7-0A95B0682525}.Release|Any CPU.ActiveCfg = Release|Any CPU
		{CF73154A-E14E-4E1A-84D7-0A95B0682525}.Release|Any CPU.Build.0 = Release|Any CPU
		{CF73154A-E14E-4E1A-84D7-0A95B0682525}.Release|Mixed Platforms.ActiveCfg = Release|Any CPU
		{CF73154A-E14E-4E1A-84D7-0A95B0682525}.Release|Mixed Platforms.Build.0 = Release|Any CPU
		{CF73154A-E14E-4E1A-84D7-0A95B0682525}.Release|x86.ActiveCfg = Release|Any CPU
		{CF73154A-E14E-4E1A-84D7-0A95B0682525}.Release|x86.Build.0 = Release|Any CPU
		{42769C90-BF59-468E-AE1F-9051454F1C26}.Debug|Any CPU.ActiveCfg = Debug|Any CPU
		{42769C90-BF59-468E-AE1F-9051454F1C26}.Debug|Any CPU.Build.0 = Debug|Any CPU
		{42769C90-BF59-468E-AE1F-9051454F1C26}.Debug|Mixed Platforms.ActiveCfg = Debug|Any CPU
		{42769C90-BF59-468E-AE1F-9051454F1C26}.Debug|Mixed Platforms.Build.0 = Debug|Any CPU
		{42769C90-BF59-468E-AE1F-9051454F1C26}.Debug|x86.ActiveCfg = Debug|Any CPU
		{42769C90-BF59-468E-AE1F-9051454F1C26}.Debug|x86.Build.0 = Debug|Any CPU
		{42769C90-BF59-468E-AE1F-9051454F1C26}.Release|Any CPU.ActiveCfg = Release|Any CPU
		{42769C90-BF59-468E-AE1F-9051454F1C26}.Release|Any CPU.Build.0 = Release|Any CPU
		{42769C90-BF59-468E-AE1F-9051454F1C26}.Release|Mixed Platforms.ActiveCfg = Release|Any CPU
		{42769C90-BF59-468E-AE1F-9051454F1C26}.Release|Mixed Platforms.Build.0 = Release|Any CPU
		{42769C90-BF59-468E-AE1F-9051454F1C26}.Release|x86.ActiveCfg = Release|Any CPU
		{42769C90-BF59-468E-AE1F-9051454F1C26}.Release|x86.Build.0 = Release|Any CPU
	EndGlobalSection
	GlobalSection(SolutionProperties) = preSolution
		HideSolutionNode = FALSE
	EndGlobalSection
	GlobalSection(ExtensibilityGlobals) = postSolution
		SolutionGuid = {F45B1BA3-EA3A-483F-95E3-FFC27895EEA4}
	EndGlobalSection
EndGlobal
